// !$*UTF8*$!
{
	archiveVersion = 1;
	classes = {
	};
	objectVersion = 56;
	objects = {

/* Begin PBXBuildFile section */
		4F05EDB22AE43580009D79CA /* TDD_CalculatorApp.swift in Sources */ = {isa = PBXBuildFile; fileRef = 4F05EDB12AE43580009D79CA /* TDD_CalculatorApp.swift */; };
		4F05EDB42AE43580009D79CA /* ContentView.swift in Sources */ = {isa = PBXBuildFile; fileRef = 4F05EDB32AE43580009D79CA /* ContentView.swift */; };
		4F05EDB62AE43581009D79CA /* Assets.xcassets in Resources */ = {isa = PBXBuildFile; fileRef = 4F05EDB52AE43581009D79CA /* Assets.xcassets */; };
		4F05EDB92AE43581009D79CA /* Preview Assets.xcassets in Resources */ = {isa = PBXBuildFile; fileRef = 4F05EDB82AE43581009D79CA /* Preview Assets.xcassets */; };
		4F05EDC32AE43581009D79CA /* TDD_CalculatorTests.swift in Sources */ = {isa = PBXBuildFile; fileRef = 4F05EDC22AE43581009D79CA /* TDD_CalculatorTests.swift */; };
		4F05EDCD2AE43581009D79CA /* TDD_CalculatorUITests.swift in Sources */ = {isa = PBXBuildFile; fileRef = 4F05EDCC2AE43581009D79CA /* TDD_CalculatorUITests.swift */; };
		4F05EDCF2AE43581009D79CA /* TDD_CalculatorUITestsLaunchTests.swift in Sources */ = {isa = PBXBuildFile; fileRef = 4F05EDCE2AE43581009D79CA /* TDD_CalculatorUITestsLaunchTests.swift */; };
		4F05EDDC2AE43764009D79CA /* Calculator.swift in Sources */ = {isa = PBXBuildFile; fileRef = 4F05EDDB2AE43764009D79CA /* Calculator.swift */; };
/* End PBXBuildFile section */

/* Begin PBXContainerItemProxy section */
		4F05EDBF2AE43581009D79CA /* PBXContainerItemProxy */ = {
			isa = PBXContainerItemProxy;
			containerPortal = 4F05EDA62AE43580009D79CA /* Project object */;
			proxyType = 1;
			remoteGlobalIDString = 4F05EDAD2AE43580009D79CA;
			remoteInfo = "TDD Calculator";
		};
		4F05EDC92AE43581009D79CA /* PBXContainerItemProxy */ = {
			isa = PBXContainerItemProxy;
			containerPortal = 4F05EDA62AE43580009D79CA /* Project object */;
			proxyType = 1;
			remoteGlobalIDString = 4F05EDAD2AE43580009D79CA;
			remoteInfo = "TDD Calculator";
		};
/* End PBXContainerItemProxy section */

/* Begin PBXFileReference section */
		4F05EDAE2AE43580009D79CA /* TDD Calculator.app */ = {isa = PBXFileReference; explicitFileType = wrapper.application; includeInIndex = 0; path = "TDD Calculator.app"; sourceTree = BUILT_PRODUCTS_DIR; };
		4F05EDB12AE43580009D79CA /* TDD_CalculatorApp.swift */ = {isa = PBXFileReference; lastKnownFileType = sourcecode.swift; path = TDD_CalculatorApp.swift; sourceTree = "<group>"; };
		4F05EDB32AE43580009D79CA /* ContentView.swift */ = {isa = PBXFileReference; lastKnownFileType = sourcecode.swift; path = ContentView.swift; sourceTree = "<group>"; };
		4F05EDB52AE43581009D79CA /* Assets.xcassets */ = {isa = PBXFileReference; lastKnownFileType = folder.assetcatalog; path = Assets.xcassets; sourceTree = "<group>"; };
		4F05EDB82AE43581009D79CA /* Preview Assets.xcassets */ = {isa = PBXFileReference; lastKnownFileType = folder.assetcatalog; path = "Preview Assets.xcassets"; sourceTree = "<group>"; };
		4F05EDBE2AE43581009D79CA /* TDD CalculatorTests.xctest */ = {isa = PBXFileReference; explicitFileType = wrapper.cfbundle; includeInIndex = 0; path = "TDD CalculatorTests.xctest"; sourceTree = BUILT_PRODUCTS_DIR; };
		4F05EDC22AE43581009D79CA /* TDD_CalculatorTests.swift */ = {isa = PBXFileReference; lastKnownFileType = sourcecode.swift; path = TDD_CalculatorTests.swift; sourceTree = "<group>"; };
		4F05EDC82AE43581009D79CA /* TDD CalculatorUITests.xctest */ = {isa = PBXFileReference; explicitFileType = wrapper.cfbundle; includeInIndex = 0; path = "TDD CalculatorUITests.xctest"; sourceTree = BUILT_PRODUCTS_DIR; };
		4F05EDCC2AE43581009D79CA /* TDD_CalculatorUITests.swift */ = {isa = PBXFileReference; lastKnownFileType = sourcecode.swift; path = TDD_CalculatorUITests.swift; sourceTree = "<group>"; };
		4F05EDCE2AE43581009D79CA /* TDD_CalculatorUITestsLaunchTests.swift */ = {isa = PBXFileReference; lastKnownFileType = sourcecode.swift; path = TDD_CalculatorUITestsLaunchTests.swift; sourceTree = "<group>"; };
		4F05EDDB2AE43764009D79CA /* Calculator.swift */ = {isa = PBXFileReference; lastKnownFileType = sourcecode.swift; path = Calculator.swift; sourceTree = "<group>"; };
/* End PBXFileReference section */

/* Begin PBXFrameworksBuildPhase section */
		4F05EDAB2AE43580009D79CA /* Frameworks */ = {
			isa = PBXFrameworksBuildPhase;
			buildActionMask = 2147483647;
			files = (
			);
			runOnlyForDeploymentPostprocessing = 0;
		};
		4F05EDBB2AE43581009D79CA /* Frameworks */ = {
			isa = PBXFrameworksBuildPhase;
			buildActionMask = 2147483647;
			files = (
			);
			runOnlyForDeploymentPostprocessing = 0;
		};
		4F05EDC52AE43581009D79CA /* Frameworks */ = {
			isa = PBXFrameworksBuildPhase;
			buildActionMask = 2147483647;
			files = (
			);
			runOnlyForDeploymentPostprocessing = 0;
		};
/* End PBXFrameworksBuildPhase section */

/* Begin PBXGroup section */
		4F05EDA52AE43580009D79CA = {
			isa = PBXGroup;
			children = (
				4F05EDB02AE43580009D79CA /* TDD Calculator */,
				4F05EDC12AE43581009D79CA /* TDD CalculatorTests */,
				4F05EDCB2AE43581009D79CA /* TDD CalculatorUITests */,
				4F05EDAF2AE43580009D79CA /* Products */,
			);
			sourceTree = "<group>";
		};
		4F05EDAF2AE43580009D79CA /* Products */ = {
			isa = PBXGroup;
			children = (
				4F05EDAE2AE43580009D79CA /* TDD Calculator.app */,
				4F05EDBE2AE43581009D79CA /* TDD CalculatorTests.xctest */,
				4F05EDC82AE43581009D79CA /* TDD CalculatorUITests.xctest */,
			);
			name = Products;
			sourceTree = "<group>";
		};
		4F05EDB02AE43580009D79CA /* TDD Calculator */ = {
			isa = PBXGroup;
			children = (
				4F05EDB12AE43580009D79CA /* TDD_CalculatorApp.swift */,
				4F05EDB32AE43580009D79CA /* ContentView.swift */,
				4F05EDDB2AE43764009D79CA /* Calculator.swift */,
				4F05EDB52AE43581009D79CA /* Assets.xcassets */,
				4F05EDB72AE43581009D79CA /* Preview Content */,
			);
			path = "TDD Calculator";
			sourceTree = "<group>";
		};
		4F05EDB72AE43581009D79CA /* Preview Content */ = {
			isa = PBXGroup;
			children = (
				4F05EDB82AE43581009D79CA /* Preview Assets.xcassets */,
			);
			path = "Preview Content";
			sourceTree = "<group>";
		};
		4F05EDC12AE43581009D79CA /* TDD CalculatorTests */ = {
			isa = PBXGroup;
			children = (
				4F05EDC22AE43581009D79CA /* TDD_CalculatorTests.swift */,
			);
			path = "TDD CalculatorTests";
			sourceTree = "<group>";
		};
		4F05EDCB2AE43581009D79CA /* TDD CalculatorUITests */ = {
			isa = PBXGroup;
			children = (
				4F05EDCC2AE43581009D79CA /* TDD_CalculatorUITests.swift */,
				4F05EDCE2AE43581009D79CA /* TDD_CalculatorUITestsLaunchTests.swift */,
			);
			path = "TDD CalculatorUITests";
			sourceTree = "<group>";
		};
/* End PBXGroup section */

/* Begin PBXNativeTarget section */
		4F05EDAD2AE43580009D79CA /* TDD Calculator */ = {
			isa = PBXNativeTarget;
			buildConfigurationList = 4F05EDD22AE43581009D79CA /* Build configuration list for PBXNativeTarget "TDD Calculator" */;
			buildPhases = (
				4F05EDAA2AE43580009D79CA /* Sources */,
				4F05EDAB2AE43580009D79CA /* Frameworks */,
				4F05EDAC2AE43580009D79CA /* Resources */,
			);
			buildRules = (
			);
			dependencies = (
			);
			name = "TDD Calculator";
			productName = "TDD Calculator";
			productReference = 4F05EDAE2AE43580009D79CA /* TDD Calculator.app */;
			productType = "com.apple.product-type.application";
		};
		4F05EDBD2AE43581009D79CA /* TDD CalculatorTests */ = {
			isa = PBXNativeTarget;
			buildConfigurationList = 4F05EDD52AE43581009D79CA /* Build configuration list for PBXNativeTarget "TDD CalculatorTests" */;
			buildPhases = (
				4F05EDBA2AE43581009D79CA /* Sources */,
				4F05EDBB2AE43581009D79CA /* Frameworks */,
				4F05EDBC2AE43581009D79CA /* Resources */,
			);
			buildRules = (
			);
			dependencies = (
				4F05EDC02AE43581009D79CA /* PBXTargetDependency */,
			);
			name = "TDD CalculatorTests";
			productName = "TDD CalculatorTests";
			productReference = 4F05EDBE2AE43581009D79CA /* TDD CalculatorTests.xctest */;
			productType = "com.apple.product-type.bundle.unit-test";
		};
		4F05EDC72AE43581009D79CA /* TDD CalculatorUITests */ = {
			isa = PBXNativeTarget;
			buildConfigurationList = 4F05EDD82AE43581009D79CA /* Build configuration list for PBXNativeTarget "TDD CalculatorUITests" */;
			buildPhases = (
				4F05EDC42AE43581009D79CA /* Sources */,
				4F05EDC52AE43581009D79CA /* Frameworks */,
				4F05EDC62AE43581009D79CA /* Resources */,
			);
			buildRules = (
			);
			dependencies = (
				4F05EDCA2AE43581009D79CA /* PBXTargetDependency */,
			);
			name = "TDD CalculatorUITests";
			productName = "TDD CalculatorUITests";
			productReference = 4F05EDC82AE43581009D79CA /* TDD CalculatorUITests.xctest */;
			productType = "com.apple.product-type.bundle.ui-testing";
		};
/* End PBXNativeTarget section */

/* Begin PBXProject section */
		4F05EDA62AE43580009D79CA /* Project object */ = {
			isa = PBXProject;
			attributes = {
				BuildIndependentTargetsInParallel = 1;
				LastSwiftUpdateCheck = 1500;
				LastUpgradeCheck = 1500;
				TargetAttributes = {
					4F05EDAD2AE43580009D79CA = {
						CreatedOnToolsVersion = 15.0;
					};
					4F05EDBD2AE43581009D79CA = {
						CreatedOnToolsVersion = 15.0;
						TestTargetID = 4F05EDAD2AE43580009D79CA;
					};
					4F05EDC72AE43581009D79CA = {
						CreatedOnToolsVersion = 15.0;
						TestTargetID = 4F05EDAD2AE43580009D79CA;
					};
				};
			};
			buildConfigurationList = 4F05EDA92AE43580009D79CA /* Build configuration list for PBXProject "TDD Calculator" */;
			compatibilityVersion = "Xcode 14.0";
			developmentRegion = en;
			hasScannedForEncodings = 0;
			knownRegions = (
				en,
				Base,
			);
			mainGroup = 4F05EDA52AE43580009D79CA;
			productRefGroup = 4F05EDAF2AE43580009D79CA /* Products */;
			projectDirPath = "";
			projectRoot = "";
			targets = (
				4F05EDAD2AE43580009D79CA /* TDD Calculator */,
				4F05EDBD2AE43581009D79CA /* TDD CalculatorTests */,
				4F05EDC72AE43581009D79CA /* TDD CalculatorUITests */,
			);
		};
/* End PBXProject section */

/* Begin PBXResourcesBuildPhase section */
		4F05EDAC2AE43580009D79CA /* Resources */ = {
			isa = PBXResourcesBuildPhase;
			buildActionMask = 2147483647;
			files = (
				4F05EDB92AE43581009D79CA /* Preview Assets.xcassets in Resources */,
				4F05EDB62AE43581009D79CA /* Assets.xcassets in Resources */,
			);
			runOnlyForDeploymentPostprocessing = 0;
		};
		4F05EDBC2AE43581009D79CA /* Resources */ = {
			isa = PBXResourcesBuildPhase;
			buildActionMask = 2147483647;
			files = (
			);
			runOnlyForDeploymentPostprocessing = 0;
		};
		4F05EDC62AE43581009D79CA /* Resources */ = {
			isa = PBXResourcesBuildPhase;
			buildActionMask = 2147483647;
			files = (
			);
			runOnlyForDeploymentPostprocessing = 0;
		};
/* End PBXResourcesBuildPhase section */

/* Begin PBXSourcesBuildPhase section */
		4F05EDAA2AE43580009D79CA /* Sources */ = {
			isa = PBXSourcesBuildPhase;
			buildActionMask = 2147483647;
			files = (
				4F05EDB42AE43580009D79CA /* ContentView.swift in Sources */,
				4F05EDB22AE43580009D79CA /* TDD_CalculatorApp.swift in Sources */,
				4F05EDDC2AE43764009D79CA /* Calculator.swift in Sources */,
			);
			runOnlyForDeploymentPostprocessing = 0;
		};
		4F05EDBA2AE43581009D79CA /* Sources */ = {
			isa = PBXSourcesBuildPhase;
			buildActionMask = 2147483647;
			files = (
				4F05EDC32AE43581009D79CA /* TDD_CalculatorTests.swift in Sources */,
			);
			runOnlyForDeploymentPostprocessing = 0;
		};
		4F05EDC42AE43581009D79CA /* Sources */ = {
			isa = PBXSourcesBuildPhase;
			buildActionMask = 2147483647;
			files = (
				4F05EDCD2AE43581009D79CA /* TDD_CalculatorUITests.swift in Sources */,
				4F05EDCF2AE43581009D79CA /* TDD_CalculatorUITestsLaunchTests.swift in Sources */,
			);
			runOnlyForDeploymentPostprocessing = 0;
		};
/* End PBXSourcesBuildPhase section */

/* Begin PBXTargetDependency section */
		4F05EDC02AE43581009D79CA /* PBXTargetDependency */ = {
			isa = PBXTargetDependency;
			target = 4F05EDAD2AE43580009D79CA /* TDD Calculator */;
			targetProxy = 4F05EDBF2AE43581009D79CA /* PBXContainerItemProxy */;
		};
		4F05EDCA2AE43581009D79CA /* PBXTargetDependency */ = {
			isa = PBXTargetDependency;
			target = 4F05EDAD2AE43580009D79CA /* TDD Calculator */;
			targetProxy = 4F05EDC92AE43581009D79CA /* PBXContainerItemProxy */;
		};
/* End PBXTargetDependency section */

/* Begin XCBuildConfiguration section */
		4F05EDD02AE43581009D79CA /* Debug */ = {
			isa = XCBuildConfiguration;
			buildSettings = {
				ALWAYS_SEARCH_USER_PATHS = NO;
				ASSETCATALOG_COMPILER_GENERATE_SWIFT_ASSET_SYMBOL_EXTENSIONS = YES;
				CLANG_ANALYZER_NONNULL = YES;
				CLANG_ANALYZER_NUMBER_OBJECT_CONVERSION = YES_AGGRESSIVE;
				CLANG_CXX_LANGUAGE_STANDARD = "gnu++20";
				CLANG_ENABLE_MODULES = YES;
				CLANG_ENABLE_OBJC_ARC = YES;
				CLANG_ENABLE_OBJC_WEAK = YES;
				CLANG_WARN_BLOCK_CAPTURE_AUTORELEASING = YES;
				CLANG_WARN_BOOL_CONVERSION = YES;
				CLANG_WARN_COMMA = YES;
				CLANG_WARN_CONSTANT_CONVERSION = YES;
				CLANG_WARN_DEPRECATED_OBJC_IMPLEMENTATIONS = YES;
				CLANG_WARN_DIRECT_OBJC_ISA_USAGE = YES_ERROR;
				CLANG_WARN_DOCUMENTATION_COMMENTS = YES;
				CLANG_WARN_EMPTY_BODY = YES;
				CLANG_WARN_ENUM_CONVERSION = YES;
				CLANG_WARN_INFINITE_RECURSION = YES;
				CLANG_WARN_INT_CONVERSION = YES;
				CLANG_WARN_NON_LITERAL_NULL_CONVERSION = YES;
				CLANG_WARN_OBJC_IMPLICIT_RETAIN_SELF = YES;
				CLANG_WARN_OBJC_LITERAL_CONVERSION = YES;
				CLANG_WARN_OBJC_ROOT_CLASS = YES_ERROR;
				CLANG_WARN_QUOTED_INCLUDE_IN_FRAMEWORK_HEADER = YES;
				CLANG_WARN_RANGE_LOOP_ANALYSIS = YES;
				CLANG_WARN_STRICT_PROTOTYPES = YES;
				CLANG_WARN_SUSPICIOUS_MOVE = YES;
				CLANG_WARN_UNGUARDED_AVAILABILITY = YES_AGGRESSIVE;
				CLANG_WARN_UNREACHABLE_CODE = YES;
				CLANG_WARN__DUPLICATE_METHOD_MATCH = YES;
				COPY_PHASE_STRIP = NO;
				DEBUG_INFORMATION_FORMAT = dwarf;
				ENABLE_STRICT_OBJC_MSGSEND = YES;
				ENABLE_TESTABILITY = YES;
				ENABLE_USER_SCRIPT_SANDBOXING = YES;
				GCC_C_LANGUAGE_STANDARD = gnu17;
				GCC_DYNAMIC_NO_PIC = NO;
				GCC_NO_COMMON_BLOCKS = YES;
				GCC_OPTIMIZATION_LEVEL = 0;
				GCC_PREPROCESSOR_DEFINITIONS = (
					"DEBUG=1",
					"$(inherited)",
				);
				GCC_WARN_64_TO_32_BIT_CONVERSION = YES;
				GCC_WARN_ABOUT_RETURN_TYPE = YES_ERROR;
				GCC_WARN_UNDECLARED_SELECTOR = YES;
				GCC_WARN_UNINITIALIZED_AUTOS = YES_AGGRESSIVE;
				GCC_WARN_UNUSED_FUNCTION = YES;
				GCC_WARN_UNUSED_VARIABLE = YES;
				IPHONEOS_DEPLOYMENT_TARGET = 17.0;
				LOCALIZATION_PREFERS_STRING_CATALOGS = YES;
				MTL_ENABLE_DEBUG_INFO = INCLUDE_SOURCE;
				MTL_FAST_MATH = YES;
				ONLY_ACTIVE_ARCH = YES;
				SDKROOT = iphoneos;
				SWIFT_ACTIVE_COMPILATION_CONDITIONS = "DEBUG $(inherited)";
				SWIFT_OPTIMIZATION_LEVEL = "-Onone";
			};
			name = Debug;
		};
		4F05EDD12AE43581009D79CA /* Release */ = {
			isa = XCBuildConfiguration;
			buildSettings = {
				ALWAYS_SEARCH_USER_PATHS = NO;
				ASSETCATALOG_COMPILER_GENERATE_SWIFT_ASSET_SYMBOL_EXTENSIONS = YES;
				CLANG_ANALYZER_NONNULL = YES;
				CLANG_ANALYZER_NUMBER_OBJECT_CONVERSION = YES_AGGRESSIVE;
				CLANG_CXX_LANGUAGE_STANDARD = "gnu++20";
				CLANG_ENABLE_MODULES = YES;
				CLANG_ENABLE_OBJC_ARC = YES;
				CLANG_ENABLE_OBJC_WEAK = YES;
				CLANG_WARN_BLOCK_CAPTURE_AUTORELEASING = YES;
				CLANG_WARN_BOOL_CONVERSION = YES;
				CLANG_WARN_COMMA = YES;
				CLANG_WARN_CONSTANT_CONVERSION = YES;
				CLANG_WARN_DEPRECATED_OBJC_IMPLEMENTATIONS = YES;
				CLANG_WARN_DIRECT_OBJC_ISA_USAGE = YES_ERROR;
				CLANG_WARN_DOCUMENTATION_COMMENTS = YES;
				CLANG_WARN_EMPTY_BODY = YES;
				CLANG_WARN_ENUM_CONVERSION = YES;
				CLANG_WARN_INFINITE_RECURSION = YES;
				CLANG_WARN_INT_CONVERSION = YES;
				CLANG_WARN_NON_LITERAL_NULL_CONVERSION = YES;
				CLANG_WARN_OBJC_IMPLICIT_RETAIN_SELF = YES;
				CLANG_WARN_OBJC_LITERAL_CONVERSION = YES;
				CLANG_WARN_OBJC_ROOT_CLASS = YES_ERROR;
				CLANG_WARN_QUOTED_INCLUDE_IN_FRAMEWORK_HEADER = YES;
				CLANG_WARN_RANGE_LOOP_ANALYSIS = YES;
				CLANG_WARN_STRICT_PROTOTYPES = YES;
				CLANG_WARN_SUSPICIOUS_MOVE = YES;
				CLANG_WARN_UNGUARDED_AVAILABILITY = YES_AGGRESSIVE;
				CLANG_WARN_UNREACHABLE_CODE = YES;
				CLANG_WARN__DUPLICATE_METHOD_MATCH = YES;
				COPY_PHASE_STRIP = NO;
				DEBUG_INFORMATION_FORMAT = "dwarf-with-dsym";
				ENABLE_NS_ASSERTIONS = NO;
				ENABLE_STRICT_OBJC_MSGSEND = YES;
				ENABLE_USER_SCRIPT_SANDBOXING = YES;
				GCC_C_LANGUAGE_STANDARD = gnu17;
				GCC_NO_COMMON_BLOCKS = YES;
				GCC_WARN_64_TO_32_BIT_CONVERSION = YES;
				GCC_WARN_ABOUT_RETURN_TYPE = YES_ERROR;
				GCC_WARN_UNDECLARED_SELECTOR = YES;
				GCC_WARN_UNINITIALIZED_AUTOS = YES_AGGRESSIVE;
				GCC_WARN_UNUSED_FUNCTION = YES;
				GCC_WARN_UNUSED_VARIABLE = YES;
				IPHONEOS_DEPLOYMENT_TARGET = 17.0;
				LOCALIZATION_PREFERS_STRING_CATALOGS = YES;
				MTL_ENABLE_DEBUG_INFO = NO;
				MTL_FAST_MATH = YES;
				SDKROOT = iphoneos;
				SWIFT_COMPILATION_MODE = wholemodule;
				VALIDATE_PRODUCT = YES;
			};
			name = Release;
		};
		4F05EDD32AE43581009D79CA /* Debug */ = {
			isa = XCBuildConfiguration;
			buildSettings = {
				ASSETCATALOG_COMPILER_APPICON_NAME = AppIcon;
				ASSETCATALOG_COMPILER_GLOBAL_ACCENT_COLOR_NAME = AccentColor;
				CODE_SIGN_STYLE = Automatic;
				CURRENT_PROJECT_VERSION = 1;
				DEVELOPMENT_ASSET_PATHS = "\"TDD Calculator/Preview Content\"";
				DEVELOPMENT_TEAM = BQ55AJ4968;
				ENABLE_PREVIEWS = YES;
				GENERATE_INFOPLIST_FILE = YES;
				INFOPLIST_KEY_UIApplicationSceneManifest_Generation = YES;
				INFOPLIST_KEY_UIApplicationSupportsIndirectInputEvents = YES;
				INFOPLIST_KEY_UILaunchScreen_Generation = YES;
				INFOPLIST_KEY_UISupportedInterfaceOrientations_iPad = "UIInterfaceOrientationPortrait UIInterfaceOrientationPortraitUpsideDown UIInterfaceOrientationLandscapeLeft UIInterfaceOrientationLandscapeRight";
				INFOPLIST_KEY_UISupportedInterfaceOrientations_iPhone = "UIInterfaceOrientationPortrait UIInterfaceOrientationLandscapeLeft UIInterfaceOrientationLandscapeRight";
				LD_RUNPATH_SEARCH_PATHS = (
					"$(inherited)",
					"@executable_path/Frameworks",
				);
				MARKETING_VERSION = 1.0;
				PRODUCT_BUNDLE_IDENTIFIER = "self.TDD-Calculator";
				PRODUCT_NAME = "$(TARGET_NAME)";
				SWIFT_EMIT_LOC_STRINGS = YES;
				SWIFT_VERSION = 5.0;
				TARGETED_DEVICE_FAMILY = "1,2";
			};
			name = Debug;
		};
		4F05EDD42AE43581009D79CA /* Release */ = {
			isa = XCBuildConfiguration;
			buildSettings = {
				ASSETCATALOG_COMPILER_APPICON_NAME = AppIcon;
				ASSETCATALOG_COMPILER_GLOBAL_ACCENT_COLOR_NAME = AccentColor;
				CODE_SIGN_STYLE = Automatic;
				CURRENT_PROJECT_VERSION = 1;
				DEVELOPMENT_ASSET_PATHS = "\"TDD Calculator/Preview Content\"";
				DEVELOPMENT_TEAM = BQ55AJ4968;
				ENABLE_PREVIEWS = YES;
				GENERATE_INFOPLIST_FILE = YES;
				INFOPLIST_KEY_UIApplicationSceneManifest_Generation = YES;
				INFOPLIST_KEY_UIApplicationSupportsIndirectInputEvents = YES;
				INFOPLIST_KEY_UILaunchScreen_Generation = YES;
				INFOPLIST_KEY_UISupportedInterfaceOrientations_iPad = "UIInterfaceOrientationPortrait UIInterfaceOrientationPortraitUpsideDown UIInterfaceOrientationLandscapeLeft UIInterfaceOrientationLandscapeRight";
				INFOPLIST_KEY_UISupportedInterfaceOrientations_iPhone = "UIInterfaceOrientationPortrait UIInterfaceOrientationLandscapeLeft UIInterfaceOrientationLandscapeRight";
				LD_RUNPATH_SEARCH_PATHS = (
					"$(inherited)",
					"@executable_path/Frameworks",
				);
				MARKETING_VERSION = 1.0;
				PRODUCT_BUNDLE_IDENTIFIER = "self.TDD-Calculator";
				PRODUCT_NAME = "$(TARGET_NAME)";
				SWIFT_EMIT_LOC_STRINGS = YES;
				SWIFT_VERSION = 5.0;
				TARGETED_DEVICE_FAMILY = "1,2";
			};
			name = Release;
		};
		4F05EDD62AE43581009D79CA /* Debug */ = {
			isa = XCBuildConfiguration;
			buildSettings = {
				ALWAYS_EMBED_SWIFT_STANDARD_LIBRARIES = YES;
				BUNDLE_LOADER = "$(TEST_HOST)";
				CODE_SIGN_STYLE = Automatic;
				CURRENT_PROJECT_VERSION = 1;
				DEVELOPMENT_TEAM = BQ55AJ4968;
				GENERATE_INFOPLIST_FILE = YES;
				IPHONEOS_DEPLOYMENT_TARGET = 17.0;
				MARKETING_VERSION = 1.0;
				PRODUCT_BUNDLE_IDENTIFIER = "self.TDD-CalculatorTests";
				PRODUCT_NAME = "$(TARGET_NAME)";
				SWIFT_EMIT_LOC_STRINGS = NO;
				SWIFT_VERSION = 5.0;
				TARGETED_DEVICE_FAMILY = "1,2";
				TEST_HOST = "$(BUILT_PRODUCTS_DIR)/TDD Calculator.app/$(BUNDLE_EXECUTABLE_FOLDER_PATH)/TDD Calculator";
			};
			name = Debug;
		};
		4F05EDD72AE43581009D79CA /* Release */ = {
			isa = XCBuildConfiguration;
			buildSettings = {
				ALWAYS_EMBED_SWIFT_STANDARD_LIBRARIES = YES;
				BUNDLE_LOADER = "$(TEST_HOST)";
				CODE_SIGN_STYLE = Automatic;
				CURRENT_PROJECT_VERSION = 1;
				DEVELOPMENT_TEAM = BQ55AJ4968;
				GENERATE_INFOPLIST_FILE = YES;
				IPHONEOS_DEPLOYMENT_TARGET = 17.0;
				MARKETING_VERSION = 1.0;
				PRODUCT_BUNDLE_IDENTIFIER = "self.TDD-CalculatorTests";
				PRODUCT_NAME = "$(TARGET_NAME)";
				SWIFT_EMIT_LOC_STRINGS = NO;
				SWIFT_VERSION = 5.0;
				TARGETED_DEVICE_FAMILY = "1,2";
				TEST_HOST = "$(BUILT_PRODUCTS_DIR)/TDD Calculator.app/$(BUNDLE_EXECUTABLE_FOLDER_PATH)/TDD Calculator";
			};
			name = Release;
		};
		4F05EDD92AE43581009D79CA /* Debug */ = {
			isa = XCBuildConfiguration;
			buildSettings = {
				ALWAYS_EMBED_SWIFT_STANDARD_LIBRARIES = YES;
				CODE_SIGN_STYLE = Automatic;
				CURRENT_PROJECT_VERSION = 1;
				DEVELOPMENT_TEAM = BQ55AJ4968;
				GENERATE_INFOPLIST_FILE = YES;
				MARKETING_VERSION = 1.0;
				PRODUCT_BUNDLE_IDENTIFIER = "self.TDD-CalculatorUITests";
				PRODUCT_NAME = "$(TARGET_NAME)";
				SWIFT_EMIT_LOC_STRINGS = NO;
				SWIFT_VERSION = 5.0;
				TARGETED_DEVICE_FAMILY = "1,2";
				TEST_TARGET_NAME = "TDD Calculator";
			};
			name = Debug;
		};
		4F05EDDA2AE43581009D79CA /* Release */ = {
			isa = XCBuildConfiguration;
			buildSettings = {
				ALWAYS_EMBED_SWIFT_STANDARD_LIBRARIES = YES;
				CODE_SIGN_STYLE = Automatic;
				CURRENT_PROJECT_VERSION = 1;
				DEVELOPMENT_TEAM = BQ55AJ4968;
				GENERATE_INFOPLIST_FILE = YES;
				MARKETING_VERSION = 1.0;
				PRODUCT_BUNDLE_IDENTIFIER = "self.TDD-CalculatorUITests";
				PRODUCT_NAME = "$(TARGET_NAME)";
				SWIFT_EMIT_LOC_STRINGS = NO;
				SWIFT_VERSION = 5.0;
				TARGETED_DEVICE_FAMILY = "1,2";
				TEST_TARGET_NAME = "TDD Calculator";
			};
			name = Release;
		};
/* End XCBuildConfiguration section */

/* Begin XCConfigurationList section */
		4F05EDA92AE43580009D79CA /* Build configuration list for PBXProject "TDD Calculator" */ = {
			isa = XCConfigurationList;
			buildConfigurations = (
				4F05EDD02AE43581009D79CA /* Debug */,
				4F05EDD12AE43581009D79CA /* Release */,
			);
			defaultConfigurationIsVisible = 0;
			defaultConfigurationName = Release;
		};
		4F05EDD22AE43581009D79CA /* Build configuration list for PBXNativeTarget "TDD Calculator" */ = {
			isa = XCConfigurationList;
			buildConfigurations = (
				4F05EDD32AE43581009D79CA /* Debug */,
				4F05EDD42AE43581009D79CA /* Release */,
			);
			defaultConfigurationIsVisible = 0;
			defaultConfigurationName = Release;
		};
		4F05EDD52AE43581009D79CA /* Build configuration list for PBXNativeTarget "TDD CalculatorTests" */ = {
			isa = XCConfigurationList;
			buildConfigurations = (
				4F05EDD62AE43581009D79CA /* Debug */,
				4F05EDD72AE43581009D79CA /* Release */,
			);
			defaultConfigurationIsVisible = 0;
			defaultConfigurationName = Release;
		};
		4F05EDD82AE43581009D79CA /* Build configuration list for PBXNativeTarget "TDD CalculatorUITests" */ = {
			isa = XCConfigurationList;
			buildConfigurations = (
				4F05EDD92AE43581009D79CA /* Debug */,
				4F05EDDA2AE43581009D79CA /* Release */,
			);
			defaultConfigurationIsVisible = 0;
			defaultConfigurationName = Release;
		};
/* End XCConfigurationList section */
	};
	rootObject = 4F05EDA62AE43580009D79CA /* Project object */;
}
